
Microsoft Visual Studio Solution File, Format Version 11.00
# Visual Studio 2010
# SharpDevelop 4.3
Project("{FAE04EC0-301F-11D3-BF4B-00C04F79EFBC}") = "LyricUser", "LyricUser\LyricUser.csproj", "{AB3D7949-372A-4DFB-88A8-F5C329B89627}"
EndProject
Project("{FAE04EC0-301F-11D3-BF4B-00C04F79EFBC}") = "LyricUser.Test", "LyricUser.Test\LyricUser.Test.csproj", "{38EFA7A3-6282-4E3A-B2AC-42406664A789}"
EndProject
Project("{CFEE4113-1246-4D54-95CB-156813CB8593}") = "LyricUser.Installer", "LyricUser.Installer\LyricUser.Installer.wixproj", "{9616AA3B-B761-40B7-A6AE-249E26F2F8CA}"
EndProject
Global
	GlobalSection(SolutionConfigurationPlatforms) = preSolution
		Debug|Any CPU = Debug|Any CPU
		Debug|Mixed Platforms = Debug|Mixed Platforms
		Debug|x86 = Debug|x86
		Release|Any CPU = Release|Any CPU
		Release|Mixed Platforms = Release|Mixed Platforms
		Release|x86 = Release|x86
	EndGlobalSection
	GlobalSection(ProjectConfigurationPlatforms) = postSolution
		{AB3D7949-372A-4DFB-88A8-F5C329B89627}.Debug|Any CPU.ActiveCfg = Debug|x86
		{AB3D7949-372A-4DFB-88A8-F5C329B89627}.Debug|Mixed Platforms.ActiveCfg = Debug|x86
		{AB3D7949-372A-4DFB-88A8-F5C329B89627}.Debug|Mixed Platforms.Build.0 = Debug|x86
		{AB3D7949-372A-4DFB-88A8-F5C329B89627}.Debug|x86.ActiveCfg = Debug|x86
		{AB3D7949-372A-4DFB-88A8-F5C329B89627}.Debug|x86.Build.0 = Debug|x86
		{AB3D7949-372A-4DFB-88A8-F5C329B89627}.Release|Any CPU.ActiveCfg = Release|x86
		{AB3D7949-372A-4DFB-88A8-F5C329B89627}.Release|Mixed Platforms.ActiveCfg = Release|x86
		{AB3D7949-372A-4DFB-88A8-F5C329B89627}.Release|Mixed Platforms.Build.0 = Release|x86
		{AB3D7949-372A-4DFB-88A8-F5C329B89627}.Release|x86.ActiveCfg = Release|x86
		{AB3D7949-372A-4DFB-88A8-F5C329B89627}.Release|x86.Build.0 = Release|x86
		{38EFA7A3-6282-4E3A-B2AC-42406664A789}.Debug|Any CPU.ActiveCfg = Debug|Any CPU
		{38EFA7A3-6282-4E3A-B2AC-42406664A789}.Debug|Any CPU.Build.0 = Debug|Any CPU
		{38EFA7A3-6282-4E3A-B2AC-42406664A789}.Debug|Mixed Platforms.ActiveCfg = Debug|Any CPU
		{38EFA7A3-6282-4E3A-B2AC-42406664A789}.Debug|Mixed Platforms.Build.0 = Debug|Any CPU
		{38EFA7A3-6282-4E3A-B2AC-42406664A789}.Debug|x86.ActiveCfg = Debug|Any CPU
		{38EFA7A3-6282-4E3A-B2AC-42406664A789}.Release|Any CPU.ActiveCfg = Release|Any CPU
		{38EFA7A3-6282-4E3A-B2AC-42406664A789}.Release|Any CPU.Build.0 = Release|Any CPU
		{38EFA7A3-6282-4E3A-B2AC-42406664A789}.Release|Mixed Platforms.ActiveCfg = Release|Any CPU
		{38EFA7A3-6282-4E3A-B2AC-42406664A789}.Release|Mixed Platforms.Build.0 = Release|Any CPU
		{38EFA7A3-6282-4E3A-B2AC-42406664A789}.Release|x86.ActiveCfg = Release|Any CPU
		{9616AA3B-B761-40B7-A6AE-249E26F2F8CA}.Debug|Any CPU.Build.0 = Debug|Any CPU
		{9616AA3B-B761-40B7-A6AE-249E26F2F8CA}.Debug|Any CPU.ActiveCfg = Debug|Any CPU
		{9616AA3B-B761-40B7-A6AE-249E26F2F8CA}.Debug|Mixed Platforms.Build.0 = Debug|Any CPU
		{9616AA3B-B761-40B7-A6AE-249E26F2F8CA}.Debug|Mixed Platforms.ActiveCfg = Debug|Any CPU
		{9616AA3B-B761-40B7-A6AE-249E26F2F8CA}.Debug|x86.Build.0 = Debug|Any CPU
		{9616AA3B-B761-40B7-A6AE-249E26F2F8CA}.Debug|x86.ActiveCfg = Debug|Any CPU
		{9616AA3B-B761-40B7-A6AE-249E26F2F8CA}.Release|Any CPU.Build.0 = Release|Any CPU
		{9616AA3B-B761-40B7-A6AE-249E26F2F8CA}.Release|Any CPU.ActiveCfg = Release|Any CPU
		{9616AA3B-B761-40B7-A6AE-249E26F2F8CA}.Release|Mixed Platforms.Build.0 = Release|Any CPU
		{9616AA3B-B761-40B7-A6AE-249E26F2F8CA}.Release|Mixed Platforms.ActiveCfg = Release|Any CPU
		{9616AA3B-B761-40B7-A6AE-249E26F2F8CA}.Release|x86.Build.0 = Release|Any CPU
		{9616AA3B-B761-40B7-A6AE-249E26F2F8CA}.Release|x86.ActiveCfg = Release|Any CPU
	EndGlobalSection
	GlobalSection(SolutionProperties) = preSolution
		HideSolutionNode = FALSE
	EndGlobalSection
EndGlobal
